# @generated by Move, please check-in and do not edit manually.

[move]
version = 3
manifest_digest = "492B320B64BC7ADFFFFEED98843FB6042C2DB1052346DE838DA1B50C34D391D0"
deps_digest = "F8BBB0CCB2491CA29A3DF03D6F92277A4F3574266507ACD77214D37ECA3F3082"
dependencies = [
  { id = "Sui", name = "Sui" },
]

[[move.package]]
id = "MoveStdlib"
source = { git = "https://github.com/MystenLabs/sui.git", rev = "framework/testnet", subdir = "crates/sui-framework/packages/move-stdlib" }

[[move.package]]
id = "Sui"
source = { git = "https://github.com/MystenLabs/sui.git", rev = "framework/testnet", subdir = "crates/sui-framework/packages/sui-framework" }

dependencies = [
  { id = "MoveStdlib", name = "MoveStdlib" },
]

[move.toolchain-version]
compiler-version = "1.48.0"
edition = "2024.beta"
flavor = "sui"

[env]

[env.testnet]
chain-id = "4c78adac"
original-published-id = "0x8533adf21cf3b2717c2f01201a090c58e4bd5b7d3a4b9d36f65b78d81d0ed6ad"
latest-published-id = "0x8533adf21cf3b2717c2f01201a090c58e4bd5b7d3a4b9d36f65b78d81d0ed6ad"
published-version = "1"
